<?xml version="1.0" encoding="utf-8"?>
<Project ToolsVersion="4.0" xmlns="http://schemas.microsoft.com/developer/msbuild/2003">
  <ItemGroup>
    <Filter Include="win32">
      <UniqueIdentifier>{84a8ebd7-7cf0-47f6-b75e-d441df67da40}</UniqueIdentifier>
    </Filter>
    <Filter Include="resource">
      <UniqueIdentifier>{715254bc-d70b-4ec5-bf29-467dd3ace079}</UniqueIdentifier>
    </Filter>
    <Filter Include="src">
      <UniqueIdentifier>{bb6c862e-70e9-49d9-81b7-3829a6f50471}</UniqueIdentifier>
    </Filter>
    <Filter Include="src\_framework">
      <UniqueIdentifier>{9558867f-0d48-4614-9cc3-5d8337c06a3d}</UniqueIdentifier>
    </Filter>
    <Filter Include="src\GameObjects">
      <UniqueIdentifier>{75f1a78c-11eb-4960-ae2f-f422a23a5294}</UniqueIdentifier>
    </Filter>
    <Filter Include="src\GameLayers">
      <UniqueIdentifier>{2ea9d396-ea9b-4a97-8590-09583a8fb7c2}</UniqueIdentifier>
    </Filter>
    <Filter Include="src\Cameras">
      <UniqueIdentifier>{e33c695e-2507-4362-8ddc-dd7e49109514}</UniqueIdentifier>
    </Filter>
    <Filter Include="src\ObjectPools">
      <UniqueIdentifier>{e6a1f91f-664d-434b-99dd-36c6010902de}</UniqueIdentifier>
    </Filter>
    <Filter Include="src\GameScenes">
      <UniqueIdentifier>{0b0a1249-11a4-4ce5-a6b2-ed042af5c96a}</UniqueIdentifier>
    </Filter>
    <Filter Include="src\GUI">
      <UniqueIdentifier>{de32b8e2-15e7-4a2e-b1af-eafe7c0fb0f7}</UniqueIdentifier>
    </Filter>
  </ItemGroup>
  <ItemGroup>
    <ClCompile Include="main.cpp">
      <Filter>win32</Filter>
    </ClCompile>
    <ClCompile Include="..\Classes\AppDelegate.cpp">
      <Filter>src</Filter>
    </ClCompile>
    <ClCompile Include="..\Classes\GameObjects\Player.cpp">
      <Filter>src\GameObjects</Filter>
    </ClCompile>
    <ClCompile Include="..\Classes\GameLayers\GameplayLayer.cpp">
      <Filter>src\GameLayers</Filter>
    </ClCompile>
    <ClCompile Include="..\Classes\GameLayers\GameEndLayer.cpp">
      <Filter>src\GameLayers</Filter>
    </ClCompile>
    <ClCompile Include="..\Classes\GameUtils.cpp">
      <Filter>src</Filter>
    </ClCompile>
    <ClCompile Include="..\Classes\Cameras\CameraGameplay.cpp">
      <Filter>src\Cameras</Filter>
    </ClCompile>
    <ClCompile Include="..\Classes\Cameras\CameraGUI.cpp">
      <Filter>src\Cameras</Filter>
    </ClCompile>
    <ClCompile Include="..\Classes\GameObjects\UpSpeedPickup.cpp">
      <Filter>src\GameObjects</Filter>
    </ClCompile>
    <ClCompile Include="..\Classes\GameObjects\Brush.cpp">
      <Filter>src\GameObjects</Filter>
    </ClCompile>
    <ClCompile Include="..\Classes\GameObjects\BrushDot.cpp">
      <Filter>src\GameObjects</Filter>
    </ClCompile>
    <ClCompile Include="..\Classes\ObjectPools\UpSpeedPickupPool.cpp">
      <Filter>src\ObjectPools</Filter>
    </ClCompile>
    <ClCompile Include="..\Classes\GameLayers\HUDLayer.cpp">
      <Filter>src\GameLayers</Filter>
    </ClCompile>
    <ClCompile Include="..\Classes\GameObjects\CoinPickup.cpp">
      <Filter>src\GameObjects</Filter>
    </ClCompile>
    <ClCompile Include="..\Classes\ObjectPools\CoinPickupPool.cpp">
      <Filter>src\ObjectPools</Filter>
    </ClCompile>
    <ClCompile Include="..\..\Cocos2dxFramework\CCF_GameObject.cpp">
      <Filter>src\_framework</Filter>
    </ClCompile>
    <ClCompile Include="..\..\Cocos2dxFramework\CCF_Label.cpp">
      <Filter>src\_framework</Filter>
    </ClCompile>
    <ClCompile Include="..\..\Cocos2dxFramework\CCF_OrthoCamera.cpp">
      <Filter>src\_framework</Filter>
    </ClCompile>
    <ClCompile Include="..\..\Cocos2dxFramework\CCF_Sprite.cpp">
      <Filter>src\_framework</Filter>
    </ClCompile>
    <ClCompile Include="..\..\Cocos2dxFramework\CCF_SpriteSheet.cpp">
      <Filter>src\_framework</Filter>
    </ClCompile>
    <ClCompile Include="..\..\Cocos2dxFramework\CCF_Utils.cpp">
      <Filter>src\_framework</Filter>
    </ClCompile>
    <ClCompile Include="..\Classes\GameScenes\GameplayScene.cpp">
      <Filter>src\GameScenes</Filter>
    </ClCompile>
    <ClCompile Include="..\Classes\GameScenes\MainMenuScene.cpp">
      <Filter>src\GameScenes</Filter>
    </ClCompile>
    <ClCompile Include="..\Classes\GameObjects\BackgroundTile.cpp">
      <Filter>src\GameObjects</Filter>
    </ClCompile>
    <ClCompile Include="..\Classes\ObjectPools\BackgroundTilePool.cpp">
      <Filter>src\ObjectPools</Filter>
    </ClCompile>
    <ClCompile Include="..\Classes\GameScenes\TestScene.cpp">
      <Filter>src\GameScenes</Filter>
    </ClCompile>
    <ClCompile Include="..\..\Cocos2dxFramework\CCF_SpriteAnim.cpp">
      <Filter>src\_framework</Filter>
    </ClCompile>
    <ClCompile Include="..\Classes\GameObjects\LongObstacle.cpp">
      <Filter>src\GameObjects</Filter>
    </ClCompile>
    <ClCompile Include="..\Classes\GameObjects\ShortObstacle.cpp">
      <Filter>src\GameObjects</Filter>
    </ClCompile>
    <ClCompile Include="..\Classes\ObjectPools\LongObstaclePool.cpp">
      <Filter>src\ObjectPools</Filter>
    </ClCompile>
    <ClCompile Include="..\Classes\ObjectPools\ShortObstaclePool.cpp">
      <Filter>src\ObjectPools</Filter>
    </ClCompile>
    <ClCompile Include="..\..\Cocos2dxFramework\CCF_Button.cpp">
      <Filter>src\_framework</Filter>
    </ClCompile>
    <ClCompile Include="..\Classes\GUI\BubbleButton.cpp">
      <Filter>src\GUI</Filter>
    </ClCompile>
  </ItemGroup>
  <ItemGroup>
    <ClInclude Include="main.h">
      <Filter>win32</Filter>
    </ClInclude>
    <ClInclude Include="..\Classes\AppDelegate.h">
      <Filter>src</Filter>
    </ClInclude>
    <ClInclude Include="..\Classes\GameObjects\Player.h">
      <Filter>src\GameObjects</Filter>
    </ClInclude>
    <ClInclude Include="..\Classes\GameLayers\GameplayLayer.h">
      <Filter>src\GameLayers</Filter>
    </ClInclude>
    <ClInclude Include="..\Classes\GameLayers\GameEndLayer.h">
      <Filter>src\GameLayers</Filter>
    </ClInclude>
    <ClInclude Include="..\Classes\GameUtils.h">
      <Filter>src</Filter>
    </ClInclude>
    <ClInclude Include="..\Classes\Cameras\CameraGameplay.h">
      <Filter>src\Cameras</Filter>
    </ClInclude>
    <ClInclude Include="..\Classes\Cameras\CameraGUI.h">
      <Filter>src\Cameras</Filter>
    </ClInclude>
    <ClInclude Include="..\Classes\GameObjects\UpSpeedPickup.h">
      <Filter>src\GameObjects</Filter>
    </ClInclude>
    <ClInclude Include="..\Classes\GameObjects\Brush.h">
      <Filter>src\GameObjects</Filter>
    </ClInclude>
    <ClInclude Include="..\Classes\GameObjects\BrushDot.h">
      <Filter>src\GameObjects</Filter>
    </ClInclude>
    <ClInclude Include="..\Classes\ObjectPools\UpSpeedPickupPool.h">
      <Filter>src\ObjectPools</Filter>
    </ClInclude>
    <ClInclude Include="..\Classes\GameLayers\HUDLayer.h">
      <Filter>src\GameLayers</Filter>
    </ClInclude>
    <ClInclude Include="..\Classes\GameObjects\CoinPickup.h">
      <Filter>src\GameObjects</Filter>
    </ClInclude>
    <ClInclude Include="..\Classes\ObjectPools\CoinPickupPool.h">
      <Filter>src\ObjectPools</Filter>
    </ClInclude>
    <ClInclude Include="..\..\Cocos2dxFramework\CCF_GameObject.h">
      <Filter>src\_framework</Filter>
    </ClInclude>
    <ClInclude Include="..\..\Cocos2dxFramework\CCF_Label.h">
      <Filter>src\_framework</Filter>
    </ClInclude>
    <ClInclude Include="..\..\Cocos2dxFramework\CCF_ObjectPool.h">
      <Filter>src\_framework</Filter>
    </ClInclude>
    <ClInclude Include="..\..\Cocos2dxFramework\CCF_OrthoCamera.h">
      <Filter>src\_framework</Filter>
    </ClInclude>
    <ClInclude Include="..\..\Cocos2dxFramework\CCF_PhysicsBodyConfigs.h">
      <Filter>src\_framework</Filter>
    </ClInclude>
    <ClInclude Include="..\..\Cocos2dxFramework\CCF_Sprite.h">
      <Filter>src\_framework</Filter>
    </ClInclude>
    <ClInclude Include="..\..\Cocos2dxFramework\CCF_SpriteSheet.h">
      <Filter>src\_framework</Filter>
    </ClInclude>
    <ClInclude Include="..\..\Cocos2dxFramework\CCF_Utils.h">
      <Filter>src\_framework</Filter>
    </ClInclude>
    <ClInclude Include="..\Classes\GameScenes\GameplayScene.h">
      <Filter>src\GameScenes</Filter>
    </ClInclude>
    <ClInclude Include="..\Classes\GameScenes\MainMenuScene.h">
      <Filter>src\GameScenes</Filter>
    </ClInclude>
    <ClInclude Include="..\Classes\GameObjects\BackgroundTile.h">
      <Filter>src\GameObjects</Filter>
    </ClInclude>
    <ClInclude Include="..\Classes\ObjectPools\BackgroundTilePool.h">
      <Filter>src\ObjectPools</Filter>
    </ClInclude>
    <ClInclude Include="..\Classes\GameScenes\TestScene.h">
      <Filter>src\GameScenes</Filter>
    </ClInclude>
    <ClInclude Include="..\..\Cocos2dxFramework\CCF_SpriteAnim.h">
      <Filter>src\_framework</Filter>
    </ClInclude>
    <ClInclude Include="..\Classes\GameObjects\LongObstacle.h">
      <Filter>src\GameObjects</Filter>
    </ClInclude>
    <ClInclude Include="..\Classes\GameObjects\ShortObstacle.h">
      <Filter>src\GameObjects</Filter>
    </ClInclude>
    <ClInclude Include="..\Classes\ObjectPools\LongObstaclePool.h">
      <Filter>src\ObjectPools</Filter>
    </ClInclude>
    <ClInclude Include="..\Classes\ObjectPools\ShortObstaclePool.h">
      <Filter>src\ObjectPools</Filter>
    </ClInclude>
    <ClInclude Include="..\..\Cocos2dxFramework\CCF_Button.h">
      <Filter>src\_framework</Filter>
    </ClInclude>
    <ClInclude Include="..\Classes\GUI\BubbleButton.h">
      <Filter>src\GUI</Filter>
    </ClInclude>
  </ItemGroup>
  <ItemGroup>
    <ResourceCompile Include="game.rc">
      <Filter>resource</Filter>
    </ResourceCompile>
  </ItemGroup>
</Project>